
Microsoft Visual Studio Solution File, Format Version 12.00
# Visual Studio 15
VisualStudioVersion = 15.0.28307.168
MinimumVisualStudioVersion = 10.0.40219.1
Project("{8BC9CEB8-8B4A-11D0-8D11-00A0C91BC942}") = "D3D9 EndScene Hook Template", "D3D9 EndScene Hook Template\D3D9 EndScene Hook Template.vcxproj", "{58656221-1850-460F-8353-39B6C7CC7B00}"
EndProject
Global
	GlobalSection(SolutionConfigurationPlatforms) = preSolution
		Debug|x64 = Debug|x64
		Debug|x86 = Debug|x86
		Release|x64 = Release|x64
		Release|x86 = Release|x86
	EndGlobalSection
	GlobalSection(ProjectConfigurationPlatforms) = postSolution
		{58656221-1850-460F-8353-39B6C7CC7B00}.Debug|x64.ActiveCfg = Debug|x64
		{58656221-1850-460F-8353-39B6C7CC7B00}.Debug|x64.Build.0 = Debug|x64
		{58656221-1850-460F-8353-39B6C7CC7B00}.Debug|x86.ActiveCfg = Debug|Win32
		{58656221-1850-460F-8353-39B6C7CC7B00}.Debug|x86.Build.0 = Debug|Win32
		{58656221-1850-460F-8353-39B6C7CC7B00}.Release|x64.ActiveCfg = Release|x64
		{58656221-1850-460F-8353-39B6C7CC7B00}.Release|x64.Build.0 = Release|x64
		{58656221-1850-460F-8353-39B6C7CC7B00}.Release|x86.ActiveCfg = Release|Win32
		{58656221-1850-460F-8353-39B6C7CC7B00}.Release|x86.Build.0 = Release|Win32
	EndGlobalSection
	GlobalSection(SolutionProperties) = preSolution
		HideSolutionNode = FALSE
	EndGlobalSection
	GlobalSection(ExtensibilityGlobals) = postSolution
		SolutionGuid = {2DEAB4D0-F46E-4AD6-8D1F-AF49C3F3D307}
	EndGlobalSection
EndGlobal
